
Microsoft Visual Studio Solution File, Format Version 12.00
# Visual Studio Version 17
VisualStudioVersion = 17.7.34018.315
MinimumVisualStudioVersion = 10.0.40219.1
Project("{FAE04EC0-301F-11D3-BF4B-00C04F79EFBC}") = "4M_08_BlackJackv1", "4M_08_BlackJackv1\4M_08_BlackJackv1.csproj", "{A3CDDEB8-082C-4A14-939C-218C67FCE52E}"
EndProject
Global
	GlobalSection(SolutionConfigurationPlatforms) = preSolution
		Debug|Any CPU = Debug|Any CPU
		Release|Any CPU = Release|Any CPU
	EndGlobalSection
	GlobalSection(ProjectConfigurationPlatforms) = postSolution
		{A3CDDEB8-082C-4A14-939C-218C67FCE52E}.Debug|Any CPU.ActiveCfg = Debug|Any CPU
		{A3CDDEB8-082C-4A14-939C-218C67FCE52E}.Debug|Any CPU.Build.0 = Debug|Any CPU
		{A3CDDEB8-082C-4A14-939C-218C67FCE52E}.Debug|Any CPU.Deploy.0 = Debug|Any CPU
		{A3CDDEB8-082C-4A14-939C-218C67FCE52E}.Release|Any CPU.ActiveCfg = Release|Any CPU
		{A3CDDEB8-082C-4A14-939C-218C67FCE52E}.Release|Any CPU.Build.0 = Release|Any CPU
		{A3CDDEB8-082C-4A14-939C-218C67FCE52E}.Release|Any CPU.Deploy.0 = Release|Any CPU
	EndGlobalSection
	GlobalSection(SolutionProperties) = preSolution
		HideSolutionNode = FALSE
	EndGlobalSection
	GlobalSection(ExtensibilityGlobals) = postSolution
		SolutionGuid = {1F5E21AD-EE14-4BDD-A0F1-6FCB9E0BCE7F}
	EndGlobalSection
EndGlobal
